
Microsoft Visual Studio Solution File, Format Version 12.00
# Visual Studio Version 17
VisualStudioVersion = 17.1.32421.90
MinimumVisualStudioVersion = 10.0.40219.1
Project("{8BC9CEB8-8B4A-11D0-8D11-00A0C91BC942}") = "KOL1_19", "KOL1_19\KOL1_19.vcxproj", "{F9BA1AF5-4262-4A04-B103-0001F7E22C3E}"
EndProject
Global
	GlobalSection(SolutionConfigurationPlatforms) = preSolution
		Debug|x64 = Debug|x64
		Debug|x86 = Debug|x86
		Release|x64 = Release|x64
		Release|x86 = Release|x86
	EndGlobalSection
	GlobalSection(ProjectConfigurationPlatforms) = postSolution
		{F9BA1AF5-4262-4A04-B103-0001F7E22C3E}.Debug|x64.ActiveCfg = Debug|x64
		{F9BA1AF5-4262-4A04-B103-0001F7E22C3E}.Debug|x64.Build.0 = Debug|x64
		{F9BA1AF5-4262-4A04-B103-0001F7E22C3E}.Debug|x86.ActiveCfg = Debug|Win32
		{F9BA1AF5-4262-4A04-B103-0001F7E22C3E}.Debug|x86.Build.0 = Debug|Win32
		{F9BA1AF5-4262-4A04-B103-0001F7E22C3E}.Release|x64.ActiveCfg = Release|x64
		{F9BA1AF5-4262-4A04-B103-0001F7E22C3E}.Release|x64.Build.0 = Release|x64
		{F9BA1AF5-4262-4A04-B103-0001F7E22C3E}.Release|x86.ActiveCfg = Release|Win32
		{F9BA1AF5-4262-4A04-B103-0001F7E22C3E}.Release|x86.Build.0 = Release|Win32
	EndGlobalSection
	GlobalSection(SolutionProperties) = preSolution
		HideSolutionNode = FALSE
	EndGlobalSection
	GlobalSection(ExtensibilityGlobals) = postSolution
		SolutionGuid = {AC807A7E-4129-4A58-BAA5-2FDF904548CA}
	EndGlobalSection
EndGlobal
